
Microsoft Visual Studio Solution File, Format Version 12.00
# Visual Studio Version 16
VisualStudioVersion = 16.0.31205.134
MinimumVisualStudioVersion = 10.0.40219.1
Project("{9A19103F-16F7-4668-BE54-9A1E7A4F7556}") = "InkPeddler.API", "InkPeddler.API\InkPeddler.API.csproj", "{A1C77D5E-3160-492A-BCEC-7BB6B9D498A5}"
EndProject
Project("{9A19103F-16F7-4668-BE54-9A1E7A4F7556}") = "InkPeddler.Data", "InkPeddler.Data\InkPeddler.Data.csproj", "{90A07681-CC86-4107-A86D-C529611FE0C5}"
EndProject
Project("{9A19103F-16F7-4668-BE54-9A1E7A4F7556}") = "InkPeddler.Services", "InkPeddler.Services\InkPeddler.Services.csproj", "{06348E8D-3714-4105-BF7A-06D223005757}"
EndProject
Project("{2150E333-8FDC-42A3-9474-1A3956D46DE8}") = "API", "API", "{B34E1C3E-B8C5-41A6-82E0-6AAED3CC3714}"
EndProject
Project("{9A19103F-16F7-4668-BE54-9A1E7A4F7556}") = "InkPeddler.UI.MVC", "InkPeddler.UI.MVC\InkPeddler.UI.MVC.csproj", "{18548CAD-2676-45B8-B89A-44D173D74CAE}"
EndProject
Project("{2150E333-8FDC-42A3-9474-1A3956D46DE8}") = "UI", "UI", "{FBFC4858-8473-47E3-8BB1-392EA0B8B95A}"
EndProject
Project("{2150E333-8FDC-42A3-9474-1A3956D46DE8}") = "Tests", "Tests", "{7C7C8E30-0035-40A1-875D-4EB5DD3F6AD2}"
EndProject
Project("{9A19103F-16F7-4668-BE54-9A1E7A4F7556}") = "InkPeddler.Services.Tests", "InkPeddler.Services.Tests\InkPeddler.Services.Tests.csproj", "{F4D0E87E-12A5-45A1-B521-34AC7173B705}"
EndProject
Project("{9A19103F-16F7-4668-BE54-9A1E7A4F7556}") = "InkPeddler.Common", "InkPeddler.Common\InkPeddler.Common.csproj", "{4F06A264-D31C-4BF1-92BA-5D961A976964}"
EndProject
Project("{2150E333-8FDC-42A3-9474-1A3956D46DE8}") = "_Depricated", "_Depricated", "{BF1C2085-4F55-4B80-8345-393626EC2139}"
EndProject
Project("{FAE04EC0-301F-11D3-BF4B-00C04F79EFBC}") = "InkPeddler.UI.Admin", "InkPeddler.UI.Admin\InkPeddler.UI.Admin.csproj", "{1E5EB817-4AD6-4AF9-8DBF-7BE51E0B7A19}"
EndProject
Project("{FAE04EC0-301F-11D3-BF4B-00C04F79EFBC}") = "InkPeddler.UI.OldWebsite", "InkPeddler.UI.OldWebsite\InkPeddler.UI.OldWebsite.csproj", "{7E44FC8C-B4DE-4291-A9A7-EEF725DB10CD}"
EndProject
Project("{FAE04EC0-301F-11D3-BF4B-00C04F79EFBC}") = "InkPeddler.UI.Website", "InkPeddler.UI.Website\InkPeddler.UI.Website.csproj", "{3F535549-6F71-4E97-BEFE-CF12C2E0725D}"
EndProject
Project("{9A19103F-16F7-4668-BE54-9A1E7A4F7556}") = "InkPeddler.UI.Console", "InkPeddler.UI.Console\InkPeddler.UI.Console.csproj", "{77ED0B1C-CD08-4E23-8EA2-64D1D7040711}"
EndProject
Project("{9A19103F-16F7-4668-BE54-9A1E7A4F7556}") = "InkPeddler.GraphQL.API", "InkPeddler.GraphQL.API\InkPeddler.GraphQL.API.csproj", "{20DA49A3-D4B3-42C4-A18E-01D0A0EDBF97}"
EndProject
Project("{9A19103F-16F7-4668-BE54-9A1E7A4F7556}") = "InkPeddler.UI.Blazor", "InkPeddler.UI.Blazor\InkPeddler.UI.Blazor.csproj", "{7B4E41B4-08D8-4F87-868B-9F99ABDBD198}"
EndProject
Project("{2150E333-8FDC-42A3-9474-1A3956D46DE8}") = "_depricated", "_depricated", "{2333535A-103F-4592-99A0-EC40BA8D6051}"
EndProject
Global
	GlobalSection(SolutionConfigurationPlatforms) = preSolution
		Debug|Any CPU = Debug|Any CPU
		Release|Any CPU = Release|Any CPU
	EndGlobalSection
	GlobalSection(ProjectConfigurationPlatforms) = postSolution
		{A1C77D5E-3160-492A-BCEC-7BB6B9D498A5}.Debug|Any CPU.ActiveCfg = Debug|Any CPU
		{A1C77D5E-3160-492A-BCEC-7BB6B9D498A5}.Debug|Any CPU.Build.0 = Debug|Any CPU
		{A1C77D5E-3160-492A-BCEC-7BB6B9D498A5}.Release|Any CPU.ActiveCfg = Release|Any CPU
		{A1C77D5E-3160-492A-BCEC-7BB6B9D498A5}.Release|Any CPU.Build.0 = Release|Any CPU
		{90A07681-CC86-4107-A86D-C529611FE0C5}.Debug|Any CPU.ActiveCfg = Debug|Any CPU
		{90A07681-CC86-4107-A86D-C529611FE0C5}.Debug|Any CPU.Build.0 = Debug|Any CPU
		{90A07681-CC86-4107-A86D-C529611FE0C5}.Release|Any CPU.ActiveCfg = Release|Any CPU
		{90A07681-CC86-4107-A86D-C529611FE0C5}.Release|Any CPU.Build.0 = Release|Any CPU
		{06348E8D-3714-4105-BF7A-06D223005757}.Debug|Any CPU.ActiveCfg = Debug|Any CPU
		{06348E8D-3714-4105-BF7A-06D223005757}.Debug|Any CPU.Build.0 = Debug|Any CPU
		{06348E8D-3714-4105-BF7A-06D223005757}.Release|Any CPU.ActiveCfg = Release|Any CPU
		{06348E8D-3714-4105-BF7A-06D223005757}.Release|Any CPU.Build.0 = Release|Any CPU
		{18548CAD-2676-45B8-B89A-44D173D74CAE}.Debug|Any CPU.ActiveCfg = Debug|Any CPU
		{18548CAD-2676-45B8-B89A-44D173D74CAE}.Debug|Any CPU.Build.0 = Debug|Any CPU
		{18548CAD-2676-45B8-B89A-44D173D74CAE}.Release|Any CPU.ActiveCfg = Release|Any CPU
		{18548CAD-2676-45B8-B89A-44D173D74CAE}.Release|Any CPU.Build.0 = Release|Any CPU
		{F4D0E87E-12A5-45A1-B521-34AC7173B705}.Debug|Any CPU.ActiveCfg = Debug|Any CPU
		{F4D0E87E-12A5-45A1-B521-34AC7173B705}.Debug|Any CPU.Build.0 = Debug|Any CPU
		{F4D0E87E-12A5-45A1-B521-34AC7173B705}.Release|Any CPU.ActiveCfg = Release|Any CPU
		{F4D0E87E-12A5-45A1-B521-34AC7173B705}.Release|Any CPU.Build.0 = Release|Any CPU
		{4F06A264-D31C-4BF1-92BA-5D961A976964}.Debug|Any CPU.ActiveCfg = Debug|Any CPU
		{4F06A264-D31C-4BF1-92BA-5D961A976964}.Debug|Any CPU.Build.0 = Debug|Any CPU
		{4F06A264-D31C-4BF1-92BA-5D961A976964}.Release|Any CPU.ActiveCfg = Release|Any CPU
		{4F06A264-D31C-4BF1-92BA-5D961A976964}.Release|Any CPU.Build.0 = Release|Any CPU
		{1E5EB817-4AD6-4AF9-8DBF-7BE51E0B7A19}.Debug|Any CPU.ActiveCfg = Debug|Any CPU
		{1E5EB817-4AD6-4AF9-8DBF-7BE51E0B7A19}.Debug|Any CPU.Build.0 = Debug|Any CPU
		{1E5EB817-4AD6-4AF9-8DBF-7BE51E0B7A19}.Release|Any CPU.ActiveCfg = Release|Any CPU
		{1E5EB817-4AD6-4AF9-8DBF-7BE51E0B7A19}.Release|Any CPU.Build.0 = Release|Any CPU
		{7E44FC8C-B4DE-4291-A9A7-EEF725DB10CD}.Debug|Any CPU.ActiveCfg = Debug|Any CPU
		{7E44FC8C-B4DE-4291-A9A7-EEF725DB10CD}.Debug|Any CPU.Build.0 = Debug|Any CPU
		{7E44FC8C-B4DE-4291-A9A7-EEF725DB10CD}.Release|Any CPU.ActiveCfg = Release|Any CPU
		{7E44FC8C-B4DE-4291-A9A7-EEF725DB10CD}.Release|Any CPU.Build.0 = Release|Any CPU
		{3F535549-6F71-4E97-BEFE-CF12C2E0725D}.Debug|Any CPU.ActiveCfg = Debug|Any CPU
		{3F535549-6F71-4E97-BEFE-CF12C2E0725D}.Debug|Any CPU.Build.0 = Debug|Any CPU
		{3F535549-6F71-4E97-BEFE-CF12C2E0725D}.Release|Any CPU.ActiveCfg = Release|Any CPU
		{3F535549-6F71-4E97-BEFE-CF12C2E0725D}.Release|Any CPU.Build.0 = Release|Any CPU
		{77ED0B1C-CD08-4E23-8EA2-64D1D7040711}.Debug|Any CPU.ActiveCfg = Debug|Any CPU
		{77ED0B1C-CD08-4E23-8EA2-64D1D7040711}.Debug|Any CPU.Build.0 = Debug|Any CPU
		{77ED0B1C-CD08-4E23-8EA2-64D1D7040711}.Release|Any CPU.ActiveCfg = Release|Any CPU
		{77ED0B1C-CD08-4E23-8EA2-64D1D7040711}.Release|Any CPU.Build.0 = Release|Any CPU
		{20DA49A3-D4B3-42C4-A18E-01D0A0EDBF97}.Debug|Any CPU.ActiveCfg = Debug|Any CPU
		{20DA49A3-D4B3-42C4-A18E-01D0A0EDBF97}.Debug|Any CPU.Build.0 = Debug|Any CPU
		{20DA49A3-D4B3-42C4-A18E-01D0A0EDBF97}.Release|Any CPU.ActiveCfg = Release|Any CPU
		{20DA49A3-D4B3-42C4-A18E-01D0A0EDBF97}.Release|Any CPU.Build.0 = Release|Any CPU
		{7B4E41B4-08D8-4F87-868B-9F99ABDBD198}.Debug|Any CPU.ActiveCfg = Debug|Any CPU
		{7B4E41B4-08D8-4F87-868B-9F99ABDBD198}.Debug|Any CPU.Build.0 = Debug|Any CPU
		{7B4E41B4-08D8-4F87-868B-9F99ABDBD198}.Release|Any CPU.ActiveCfg = Release|Any CPU
		{7B4E41B4-08D8-4F87-868B-9F99ABDBD198}.Release|Any CPU.Build.0 = Release|Any CPU
	EndGlobalSection
	GlobalSection(SolutionProperties) = preSolution
		HideSolutionNode = FALSE
	EndGlobalSection
	GlobalSection(NestedProjects) = preSolution
		{A1C77D5E-3160-492A-BCEC-7BB6B9D498A5} = {B34E1C3E-B8C5-41A6-82E0-6AAED3CC3714}
		{18548CAD-2676-45B8-B89A-44D173D74CAE} = {FBFC4858-8473-47E3-8BB1-392EA0B8B95A}
		{F4D0E87E-12A5-45A1-B521-34AC7173B705} = {7C7C8E30-0035-40A1-875D-4EB5DD3F6AD2}
		{BF1C2085-4F55-4B80-8345-393626EC2139} = {FBFC4858-8473-47E3-8BB1-392EA0B8B95A}
		{1E5EB817-4AD6-4AF9-8DBF-7BE51E0B7A19} = {BF1C2085-4F55-4B80-8345-393626EC2139}
		{7E44FC8C-B4DE-4291-A9A7-EEF725DB10CD} = {BF1C2085-4F55-4B80-8345-393626EC2139}
		{3F535549-6F71-4E97-BEFE-CF12C2E0725D} = {BF1C2085-4F55-4B80-8345-393626EC2139}
		{77ED0B1C-CD08-4E23-8EA2-64D1D7040711} = {FBFC4858-8473-47E3-8BB1-392EA0B8B95A}
		{20DA49A3-D4B3-42C4-A18E-01D0A0EDBF97} = {2333535A-103F-4592-99A0-EC40BA8D6051}
		{7B4E41B4-08D8-4F87-868B-9F99ABDBD198} = {FBFC4858-8473-47E3-8BB1-392EA0B8B95A}
		{2333535A-103F-4592-99A0-EC40BA8D6051} = {B34E1C3E-B8C5-41A6-82E0-6AAED3CC3714}
	EndGlobalSection
	GlobalSection(ExtensibilityGlobals) = postSolution
		SolutionGuid = {60814074-A68F-421C-B62F-1D9DAE3B7D48}
	EndGlobalSection
EndGlobal
